<Solution>
  <Folder Name="/Tests/" />
  <Project Path="Application/Application.csproj" />
  <Project Path="Domain/Domain.csproj" />
  <Project Path="Infra/Infra.csproj" />
  <Project Path="IOC/IOC.csproj" />
  <Project Path="AutoReparaAPI/AutoReparaAPI.csproj" />
  <Project Path="Tests/Aplication.Tests/Aplication.Tests.csproj" />
  <Project Path="Tests/Domain.Tests/Domain.Tests.csproj" />
</Solution>
